// !$*UTF8*$!
{
	archiveVersion = 1;
	classes = {
	};
	objectVersion = 46;
	objects = {

/* Begin PBXBuildFile section */
		776680371A634C9200DE073B /* VKLoginViewController.m in Sources */ = {isa = PBXBuildFile; fileRef = 776680361A634C9200DE073B /* VKLoginViewController.m */; };
		777DB4881A65EA3A00E40FF6 /* AFSoundManager+getPlayerInfo.m in Sources */ = {isa = PBXBuildFile; fileRef = 777DB4871A65EA3A00E40FF6 /* AFSoundManager+getPlayerInfo.m */; };
		7780100D1A6019AB00125940 /* Main.storyboard in Resources */ = {isa = PBXBuildFile; fileRef = 7780100B1A6019AB00125940 /* Main.storyboard */; };
		778010251A61F91E00125940 /* Song.m in Sources */ = {isa = PBXBuildFile; fileRef = 778010241A61F91E00125940 /* Song.m */; };
		7780102B1A62B10F00125940 /* VKMusicAPI.m in Sources */ = {isa = PBXBuildFile; fileRef = 7780102A1A62B10F00125940 /* VKMusicAPI.m */; };
		77B336F01A6001FF0047BA8C /* MyMusicTableViewController.m in Sources */ = {isa = PBXBuildFile; fileRef = 77B336EF1A6001FF0047BA8C /* MyMusicTableViewController.m */; };
		77B376D01A5C117D00BC964E /* main.m in Sources */ = {isa = PBXBuildFile; fileRef = 77B376CF1A5C117D00BC964E /* main.m */; };
		77B376D31A5C117D00BC964E /* AppDelegate.m in Sources */ = {isa = PBXBuildFile; fileRef = 77B376D21A5C117D00BC964E /* AppDelegate.m */; };
		77B376DE1A5C117D00BC964E /* images.xcassets in Resources */ = {isa = PBXBuildFile; fileRef = 77B376DD1A5C117D00BC964E /* images.xcassets */; };
		77B376E11A5C117D00BC964E /* LaunchScreen.xib in Resources */ = {isa = PBXBuildFile; fileRef = 77B376DF1A5C117D00BC964E /* LaunchScreen.xib */; };
		77B376ED1A5C117D00BC964E /* VK_simple_clientTests.m in Sources */ = {isa = PBXBuildFile; fileRef = 77B376EC1A5C117D00BC964E /* VK_simple_clientTests.m */; };
		77B376F81A5C148300BC964E /* User.m in Sources */ = {isa = PBXBuildFile; fileRef = 77B376F71A5C148300BC964E /* User.m */; };
		77B377021A5C887200BC964E /* placeholder.png in Resources */ = {isa = PBXBuildFile; fileRef = 77B377011A5C887200BC964E /* placeholder.png */; };
		77B377081A5D2DA600BC964E /* PlayerViewController.m in Sources */ = {isa = PBXBuildFile; fileRef = 77B377071A5D2DA600BC964E /* PlayerViewController.m */; };
		77B59AE91A6485B7000FA0E8 /* Playlist.m in Sources */ = {isa = PBXBuildFile; fileRef = 77B59AE81A6485B7000FA0E8 /* Playlist.m */; };
		77C9AF891A6570B500DF1FCE /* SongCell.m in Sources */ = {isa = PBXBuildFile; fileRef = 77C9AF881A6570B500DF1FCE /* SongCell.m */; };
		77C9AF8C1A657CC300DF1FCE /* thumb25.png in Resources */ = {isa = PBXBuildFile; fileRef = 77C9AF8B1A657CC300DF1FCE /* thumb25.png */; };
		B92B27308E685EC2D9F21AFD /* libPods-VK simple client.a in Frameworks */ = {isa = PBXBuildFile; fileRef = FAE1A0C6F6DBB0F2702BC870 /* libPods-VK simple client.a */; };
		BD6ED9CADD31FB5B21355E76 /* libPods-VK simple clientTests.a in Frameworks */ = {isa = PBXBuildFile; fileRef = 6C8BAA474C03AFA540EDF871 /* libPods-VK simple clientTests.a */; };
		F09FAB0A6CD9980FA2B48953 /* (null) in Frameworks */ = {isa = PBXBuildFile; };
/* End PBXBuildFile section */

/* Begin PBXContainerItemProxy section */
		77B376E71A5C117D00BC964E /* PBXContainerItemProxy */ = {
			isa = PBXContainerItemProxy;
			containerPortal = 77B376C21A5C117D00BC964E /* Project object */;
			proxyType = 1;
			remoteGlobalIDString = 77B376C91A5C117D00BC964E;
			remoteInfo = "VK simple client";
		};
/* End PBXContainerItemProxy section */

/* Begin PBXFileReference section */
		5084D58E8F86C7C45CC0433F /* Pods-VK simple client.debug.xcconfig */ = {isa = PBXFileReference; includeInIndex = 1; lastKnownFileType = text.xcconfig; name = "Pods-VK simple client.debug.xcconfig"; path = "Pods/Target Support Files/Pods-VK simple client/Pods-VK simple client.debug.xcconfig"; sourceTree = "<group>"; };
		51CAF3541C8B140D7799B565 /* Pods-VK simple clientTests.debug.xcconfig */ = {isa = PBXFileReference; includeInIndex = 1; lastKnownFileType = text.xcconfig; name = "Pods-VK simple clientTests.debug.xcconfig"; path = "Pods/Target Support Files/Pods-VK simple clientTests/Pods-VK simple clientTests.debug.xcconfig"; sourceTree = "<group>"; };
		6C8BAA474C03AFA540EDF871 /* libPods-VK simple clientTests.a */ = {isa = PBXFileReference; explicitFileType = archive.ar; includeInIndex = 0; path = "libPods-VK simple clientTests.a"; sourceTree = BUILT_PRODUCTS_DIR; };
		776680341A63434C00DE073B /* AppPrefix.pch */ = {isa = PBXFileReference; lastKnownFileType = sourcecode.c.h; path = AppPrefix.pch; sourceTree = "<group>"; };
		776680351A634C9200DE073B /* VKLoginViewController.h */ = {isa = PBXFileReference; fileEncoding = 4; lastKnownFileType = sourcecode.c.h; path = VKLoginViewController.h; sourceTree = "<group>"; };
		776680361A634C9200DE073B /* VKLoginViewController.m */ = {isa = PBXFileReference; fileEncoding = 4; lastKnownFileType = sourcecode.c.objc; path = VKLoginViewController.m; sourceTree = "<group>"; };
		777DB4861A65EA3A00E40FF6 /* AFSoundManager+getPlayerInfo.h */ = {isa = PBXFileReference; fileEncoding = 4; lastKnownFileType = sourcecode.c.h; path = "AFSoundManager+getPlayerInfo.h"; sourceTree = "<group>"; };
		777DB4871A65EA3A00E40FF6 /* AFSoundManager+getPlayerInfo.m */ = {isa = PBXFileReference; fileEncoding = 4; lastKnownFileType = sourcecode.c.objc; path = "AFSoundManager+getPlayerInfo.m"; sourceTree = "<group>"; };
		7780100C1A6019AB00125940 /* Base */ = {isa = PBXFileReference; lastKnownFileType = file.storyboard; name = Base; path = Base.lproj/Main.storyboard; sourceTree = "<group>"; };
		778010231A61F91D00125940 /* Song.h */ = {isa = PBXFileReference; fileEncoding = 4; lastKnownFileType = sourcecode.c.h; path = Song.h; sourceTree = "<group>"; };
		778010241A61F91E00125940 /* Song.m */ = {isa = PBXFileReference; fileEncoding = 4; lastKnownFileType = sourcecode.c.objc; path = Song.m; sourceTree = "<group>"; };
		778010291A62B10F00125940 /* VKMusicAPI.h */ = {isa = PBXFileReference; fileEncoding = 4; lastKnownFileType = sourcecode.c.h; path = VKMusicAPI.h; sourceTree = "<group>"; };
		7780102A1A62B10F00125940 /* VKMusicAPI.m */ = {isa = PBXFileReference; fileEncoding = 4; lastKnownFileType = sourcecode.c.objc; path = VKMusicAPI.m; sourceTree = "<group>"; };
		77B336EE1A6001FF0047BA8C /* MyMusicTableViewController.h */ = {isa = PBXFileReference; fileEncoding = 4; lastKnownFileType = sourcecode.c.h; path = MyMusicTableViewController.h; sourceTree = "<group>"; };
		77B336EF1A6001FF0047BA8C /* MyMusicTableViewController.m */ = {isa = PBXFileReference; fileEncoding = 4; lastKnownFileType = sourcecode.c.objc; path = MyMusicTableViewController.m; sourceTree = "<group>"; };
		77B376CA1A5C117D00BC964E /* VK simple client.app */ = {isa = PBXFileReference; explicitFileType = wrapper.application; includeInIndex = 0; path = "VK simple client.app"; sourceTree = BUILT_PRODUCTS_DIR; };
		77B376CE1A5C117D00BC964E /* Info.plist */ = {isa = PBXFileReference; lastKnownFileType = text.plist.xml; path = Info.plist; sourceTree = "<group>"; };
		77B376CF1A5C117D00BC964E /* main.m */ = {isa = PBXFileReference; lastKnownFileType = sourcecode.c.objc; path = main.m; sourceTree = "<group>"; };
		77B376D11A5C117D00BC964E /* AppDelegate.h */ = {isa = PBXFileReference; lastKnownFileType = sourcecode.c.h; path = AppDelegate.h; sourceTree = "<group>"; };
		77B376D21A5C117D00BC964E /* AppDelegate.m */ = {isa = PBXFileReference; lastKnownFileType = sourcecode.c.objc; path = AppDelegate.m; sourceTree = "<group>"; };
		77B376DD1A5C117D00BC964E /* images.xcassets */ = {isa = PBXFileReference; lastKnownFileType = folder.assetcatalog; path = images.xcassets; sourceTree = "<group>"; };
		77B376E01A5C117D00BC964E /* Base */ = {isa = PBXFileReference; lastKnownFileType = file.xib; name = Base; path = Base.lproj/LaunchScreen.xib; sourceTree = "<group>"; };
		77B376E61A5C117D00BC964E /* VK simple clientTests.xctest */ = {isa = PBXFileReference; explicitFileType = wrapper.cfbundle; includeInIndex = 0; path = "VK simple clientTests.xctest"; sourceTree = BUILT_PRODUCTS_DIR; };
		77B376EB1A5C117D00BC964E /* Info.plist */ = {isa = PBXFileReference; lastKnownFileType = text.plist.xml; path = Info.plist; sourceTree = "<group>"; };
		77B376EC1A5C117D00BC964E /* VK_simple_clientTests.m */ = {isa = PBXFileReference; lastKnownFileType = sourcecode.c.objc; path = VK_simple_clientTests.m; sourceTree = "<group>"; };
		77B376F61A5C148300BC964E /* User.h */ = {isa = PBXFileReference; fileEncoding = 4; lastKnownFileType = sourcecode.c.h; path = User.h; sourceTree = "<group>"; };
		77B376F71A5C148300BC964E /* User.m */ = {isa = PBXFileReference; fileEncoding = 4; lastKnownFileType = sourcecode.c.objc; path = User.m; sourceTree = "<group>"; };
		77B377011A5C887200BC964E /* placeholder.png */ = {isa = PBXFileReference; lastKnownFileType = image.png; path = placeholder.png; sourceTree = "<group>"; };
		77B377061A5D2DA600BC964E /* PlayerViewController.h */ = {isa = PBXFileReference; fileEncoding = 4; lastKnownFileType = sourcecode.c.h; path = PlayerViewController.h; sourceTree = "<group>"; };
		77B377071A5D2DA600BC964E /* PlayerViewController.m */ = {isa = PBXFileReference; fileEncoding = 4; lastKnownFileType = sourcecode.c.objc; path = PlayerViewController.m; sourceTree = "<group>"; };
		77B59AE71A6485B7000FA0E8 /* Playlist.h */ = {isa = PBXFileReference; fileEncoding = 4; lastKnownFileType = sourcecode.c.h; path = Playlist.h; sourceTree = "<group>"; };
		77B59AE81A6485B7000FA0E8 /* Playlist.m */ = {isa = PBXFileReference; fileEncoding = 4; lastKnownFileType = sourcecode.c.objc; path = Playlist.m; sourceTree = "<group>"; };
		77C9AF871A6570B500DF1FCE /* SongCell.h */ = {isa = PBXFileReference; fileEncoding = 4; lastKnownFileType = sourcecode.c.h; path = SongCell.h; sourceTree = "<group>"; };
		77C9AF881A6570B500DF1FCE /* SongCell.m */ = {isa = PBXFileReference; fileEncoding = 4; lastKnownFileType = sourcecode.c.objc; path = SongCell.m; sourceTree = "<group>"; };
		77C9AF8B1A657CC300DF1FCE /* thumb25.png */ = {isa = PBXFileReference; lastKnownFileType = image.png; path = thumb25.png; sourceTree = "<group>"; };
		DD23E136273EC6945DAF305B /* Pods-VK simple clientTests.release.xcconfig */ = {isa = PBXFileReference; includeInIndex = 1; lastKnownFileType = text.xcconfig; name = "Pods-VK simple clientTests.release.xcconfig"; path = "Pods/Target Support Files/Pods-VK simple clientTests/Pods-VK simple clientTests.release.xcconfig"; sourceTree = "<group>"; };
		E43122B1CBBF95451584820F /* Pods-VK simple client.release.xcconfig */ = {isa = PBXFileReference; includeInIndex = 1; lastKnownFileType = text.xcconfig; name = "Pods-VK simple client.release.xcconfig"; path = "Pods/Target Support Files/Pods-VK simple client/Pods-VK simple client.release.xcconfig"; sourceTree = "<group>"; };
		FAE1A0C6F6DBB0F2702BC870 /* libPods-VK simple client.a */ = {isa = PBXFileReference; explicitFileType = archive.ar; includeInIndex = 0; path = "libPods-VK simple client.a"; sourceTree = BUILT_PRODUCTS_DIR; };
/* End PBXFileReference section */

/* Begin PBXFrameworksBuildPhase section */
		77B376C71A5C117D00BC964E /* Frameworks */ = {
			isa = PBXFrameworksBuildPhase;
			buildActionMask = 2147483647;
			files = (
				B92B27308E685EC2D9F21AFD /* libPods-VK simple client.a in Frameworks */,
			);
			runOnlyForDeploymentPostprocessing = 0;
		};
		77B376E31A5C117D00BC964E /* Frameworks */ = {
			isa = PBXFrameworksBuildPhase;
			buildActionMask = 2147483647;
			files = (
				F09FAB0A6CD9980FA2B48953 /* (null) in Frameworks */,
				BD6ED9CADD31FB5B21355E76 /* libPods-VK simple clientTests.a in Frameworks */,
			);
			runOnlyForDeploymentPostprocessing = 0;
		};
/* End PBXFrameworksBuildPhase section */

/* Begin PBXGroup section */
		11402A6B82401DEA5851EFEA /* Pods */ = {
			isa = PBXGroup;
			children = (
				5084D58E8F86C7C45CC0433F /* Pods-VK simple client.debug.xcconfig */,
				E43122B1CBBF95451584820F /* Pods-VK simple client.release.xcconfig */,
				51CAF3541C8B140D7799B565 /* Pods-VK simple clientTests.debug.xcconfig */,
				DD23E136273EC6945DAF305B /* Pods-VK simple clientTests.release.xcconfig */,
			);
			name = Pods;
			sourceTree = "<group>";
		};
		778010261A61FA3900125940 /* Model */ = {
			isa = PBXGroup;
			children = (
				77B59AE71A6485B7000FA0E8 /* Playlist.h */,
				77B59AE81A6485B7000FA0E8 /* Playlist.m */,
				778010231A61F91D00125940 /* Song.h */,
				778010241A61F91E00125940 /* Song.m */,
				77B376F61A5C148300BC964E /* User.h */,
				77B376F71A5C148300BC964E /* User.m */,
			);
			name = Model;
			sourceTree = "<group>";
		};
		778010281A61FA4E00125940 /* Controller */ = {
			isa = PBXGroup;
			children = (
				77B336EE1A6001FF0047BA8C /* MyMusicTableViewController.h */,
				77B336EF1A6001FF0047BA8C /* MyMusicTableViewController.m */,
				77B377061A5D2DA600BC964E /* PlayerViewController.h */,
				77B377071A5D2DA600BC964E /* PlayerViewController.m */,
				776680351A634C9200DE073B /* VKLoginViewController.h */,
				776680361A634C9200DE073B /* VKLoginViewController.m */,
			);
			name = Controller;
			sourceTree = "<group>";
		};
		7780102F1A62B13500125940 /* API */ = {
			isa = PBXGroup;
			children = (
				778010291A62B10F00125940 /* VKMusicAPI.h */,
				7780102A1A62B10F00125940 /* VKMusicAPI.m */,
			);
			name = API;
			sourceTree = "<group>";
		};
		77B376C11A5C117D00BC964E = {
			isa = PBXGroup;
			children = (
				77B376CC1A5C117D00BC964E /* VK simple client */,
				77B376E91A5C117D00BC964E /* VK simple clientTests */,
				77B376CB1A5C117D00BC964E /* Products */,
				809E9EC39496E3078131E5C5 /* Frameworks */,
				11402A6B82401DEA5851EFEA /* Pods */,
			);
			sourceTree = "<group>";
		};
		77B376CB1A5C117D00BC964E /* Products */ = {
			isa = PBXGroup;
			children = (
				77B376CA1A5C117D00BC964E /* VK simple client.app */,
				77B376E61A5C117D00BC964E /* VK simple clientTests.xctest */,
			);
			name = Products;
			sourceTree = "<group>";
		};
		77B376CC1A5C117D00BC964E /* VK simple client */ = {
			isa = PBXGroup;
			children = (
				77B376D11A5C117D00BC964E /* AppDelegate.h */,
				77B376D21A5C117D00BC964E /* AppDelegate.m */,
				777DB4861A65EA3A00E40FF6 /* AFSoundManager+getPlayerInfo.h */,
				777DB4871A65EA3A00E40FF6 /* AFSoundManager+getPlayerInfo.m */,
				7780102F1A62B13500125940 /* API */,
				778010261A61FA3900125940 /* Model */,
				778010281A61FA4E00125940 /* Controller */,
				77C9AF8A1A6570C800DF1FCE /* View */,
				77B376DD1A5C117D00BC964E /* images.xcassets */,
				7780100B1A6019AB00125940 /* Main.storyboard */,
				77B376DF1A5C117D00BC964E /* LaunchScreen.xib */,
				77B376CD1A5C117D00BC964E /* Supporting Files */,
			);
			path = "VK simple client";
			sourceTree = "<group>";
		};
		77B376CD1A5C117D00BC964E /* Supporting Files */ = {
			isa = PBXGroup;
			children = (
				77B377011A5C887200BC964E /* placeholder.png */,
				77C9AF8B1A657CC300DF1FCE /* thumb25.png */,
				77B376CE1A5C117D00BC964E /* Info.plist */,
				77B376CF1A5C117D00BC964E /* main.m */,
				776680341A63434C00DE073B /* AppPrefix.pch */,
			);
			name = "Supporting Files";
			sourceTree = "<group>";
		};
		77B376E91A5C117D00BC964E /* VK simple clientTests */ = {
			isa = PBXGroup;
			children = (
				77B376EC1A5C117D00BC964E /* VK_simple_clientTests.m */,
				77B376EA1A5C117D00BC964E /* Supporting Files */,
			);
			path = "VK simple clientTests";
			sourceTree = "<group>";
		};
		77B376EA1A5C117D00BC964E /* Supporting Files */ = {
			isa = PBXGroup;
			children = (
				77B376EB1A5C117D00BC964E /* Info.plist */,
			);
			name = "Supporting Files";
			sourceTree = "<group>";
		};
		77C9AF8A1A6570C800DF1FCE /* View */ = {
			isa = PBXGroup;
			children = (
				77C9AF871A6570B500DF1FCE /* SongCell.h */,
				77C9AF881A6570B500DF1FCE /* SongCell.m */,
			);
			name = View;
			sourceTree = "<group>";
		};
		809E9EC39496E3078131E5C5 /* Frameworks */ = {
			isa = PBXGroup;
			children = (
				FAE1A0C6F6DBB0F2702BC870 /* libPods-VK simple client.a */,
				6C8BAA474C03AFA540EDF871 /* libPods-VK simple clientTests.a */,
			);
			name = Frameworks;
			sourceTree = "<group>";
		};
/* End PBXGroup section */

/* Begin PBXNativeTarget section */
		77B376C91A5C117D00BC964E /* VK simple client */ = {
			isa = PBXNativeTarget;
			buildConfigurationList = 77B376F01A5C117D00BC964E /* Build configuration list for PBXNativeTarget "VK simple client" */;
			buildPhases = (
				6E982E75D50CAC6019001848 /* Check Pods Manifest.lock */,
				77B376C61A5C117D00BC964E /* Sources */,
				77B376C71A5C117D00BC964E /* Frameworks */,
				77B376C81A5C117D00BC964E /* Resources */,
				7E510125E3A4A4C120A83208 /* Copy Pods Resources */,
			);
			buildRules = (
			);
			dependencies = (
			);
			name = "VK simple client";
			productName = "VK simple client";
			productReference = 77B376CA1A5C117D00BC964E /* VK simple client.app */;
			productType = "com.apple.product-type.application";
		};
		77B376E51A5C117D00BC964E /* VK simple clientTests */ = {
			isa = PBXNativeTarget;
			buildConfigurationList = 77B376F31A5C117D00BC964E /* Build configuration list for PBXNativeTarget "VK simple clientTests" */;
			buildPhases = (
				A49C5C81AE982D9B4B4E2494 /* Check Pods Manifest.lock */,
				77B376E21A5C117D00BC964E /* Sources */,
				77B376E31A5C117D00BC964E /* Frameworks */,
				77B376E41A5C117D00BC964E /* Resources */,
				A9A45F370B3F729BBD4B2A2D /* Copy Pods Resources */,
			);
			buildRules = (
			);
			dependencies = (
				77B376E81A5C117D00BC964E /* PBXTargetDependency */,
			);
			name = "VK simple clientTests";
			productName = "VK simple clientTests";
			productReference = 77B376E61A5C117D00BC964E /* VK simple clientTests.xctest */;
			productType = "com.apple.product-type.bundle.unit-test";
		};
/* End PBXNativeTarget section */

/* Begin PBXProject section */
		77B376C21A5C117D00BC964E /* Project object */ = {
			isa = PBXProject;
			attributes = {
				LastUpgradeCheck = 0610;
				ORGANIZATIONNAME = "Viktor Starikov";
				TargetAttributes = {
					77B376C91A5C117D00BC964E = {
						CreatedOnToolsVersion = 6.1.1;
					};
					77B376E51A5C117D00BC964E = {
						CreatedOnToolsVersion = 6.1.1;
						TestTargetID = 77B376C91A5C117D00BC964E;
					};
				};
			};
			buildConfigurationList = 77B376C51A5C117D00BC964E /* Build configuration list for PBXProject "VK simple client" */;
			compatibilityVersion = "Xcode 3.2";
			developmentRegion = English;
			hasScannedForEncodings = 0;
			knownRegions = (
				en,
				Base,
			);
			mainGroup = 77B376C11A5C117D00BC964E;
			productRefGroup = 77B376CB1A5C117D00BC964E /* Products */;
			projectDirPath = "";
			projectRoot = "";
			targets = (
				77B376C91A5C117D00BC964E /* VK simple client */,
				77B376E51A5C117D00BC964E /* VK simple clientTests */,
			);
		};
/* End PBXProject section */

/* Begin PBXResourcesBuildPhase section */
		77B376C81A5C117D00BC964E /* Resources */ = {
			isa = PBXResourcesBuildPhase;
			buildActionMask = 2147483647;
			files = (
				77B377021A5C887200BC964E /* placeholder.png in Resources */,
				77B376E11A5C117D00BC964E /* LaunchScreen.xib in Resources */,
				77C9AF8C1A657CC300DF1FCE /* thumb25.png in Resources */,
				77B376DE1A5C117D00BC964E /* images.xcassets in Resources */,
				7780100D1A6019AB00125940 /* Main.storyboard in Resources */,
			);
			runOnlyForDeploymentPostprocessing = 0;
		};
		77B376E41A5C117D00BC964E /* Resources */ = {
			isa = PBXResourcesBuildPhase;
			buildActionMask = 2147483647;
			files = (
			);
			runOnlyForDeploymentPostprocessing = 0;
		};
/* End PBXResourcesBuildPhase section */

/* Begin PBXShellScriptBuildPhase section */
		6E982E75D50CAC6019001848 /* Check Pods Manifest.lock */ = {
			isa = PBXShellScriptBuildPhase;
			buildActionMask = 2147483647;
			files = (
			);
			inputPaths = (
			);
			name = "Check Pods Manifest.lock";
			outputPaths = (
			);
			runOnlyForDeploymentPostprocessing = 0;
			shellPath = /bin/sh;
			shellScript = "diff \"${PODS_ROOT}/../Podfile.lock\" \"${PODS_ROOT}/Manifest.lock\" > /dev/null\nif [[ $? != 0 ]] ; then\n    cat << EOM\nerror: The sandbox is not in sync with the Podfile.lock. Run 'pod install' or update your CocoaPods installation.\nEOM\n    exit 1\nfi\n";
			showEnvVarsInLog = 0;
		};
		7E510125E3A4A4C120A83208 /* Copy Pods Resources */ = {
			isa = PBXShellScriptBuildPhase;
			buildActionMask = 2147483647;
			files = (
			);
			inputPaths = (
			);
			name = "Copy Pods Resources";
			outputPaths = (
			);
			runOnlyForDeploymentPostprocessing = 0;
			shellPath = /bin/sh;
			shellScript = "\"${SRCROOT}/Pods/Target Support Files/Pods-VK simple client/Pods-VK simple client-resources.sh\"\n";
			showEnvVarsInLog = 0;
		};
		A49C5C81AE982D9B4B4E2494 /* Check Pods Manifest.lock */ = {
			isa = PBXShellScriptBuildPhase;
			buildActionMask = 2147483647;
			files = (
			);
			inputPaths = (
			);
			name = "Check Pods Manifest.lock";
			outputPaths = (
			);
			runOnlyForDeploymentPostprocessing = 0;
			shellPath = /bin/sh;
			shellScript = "diff \"${PODS_ROOT}/../Podfile.lock\" \"${PODS_ROOT}/Manifest.lock\" > /dev/null\nif [[ $? != 0 ]] ; then\n    cat << EOM\nerror: The sandbox is not in sync with the Podfile.lock. Run 'pod install' or update your CocoaPods installation.\nEOM\n    exit 1\nfi\n";
			showEnvVarsInLog = 0;
		};
		A9A45F370B3F729BBD4B2A2D /* Copy Pods Resources */ = {
			isa = PBXShellScriptBuildPhase;
			buildActionMask = 2147483647;
			files = (
			);
			inputPaths = (
			);
			name = "Copy Pods Resources";
			outputPaths = (
			);
			runOnlyForDeploymentPostprocessing = 0;
			shellPath = /bin/sh;
			shellScript = "\"${SRCROOT}/Pods/Target Support Files/Pods-VK simple clientTests/Pods-VK simple clientTests-resources.sh\"\n";
			showEnvVarsInLog = 0;
		};
/* End PBXShellScriptBuildPhase section */

/* Begin PBXSourcesBuildPhase section */
		77B376C61A5C117D00BC964E /* Sources */ = {
			isa = PBXSourcesBuildPhase;
			buildActionMask = 2147483647;
			files = (
				777DB4881A65EA3A00E40FF6 /* AFSoundManager+getPlayerInfo.m in Sources */,
				77B336F01A6001FF0047BA8C /* MyMusicTableViewController.m in Sources */,
				77B376F81A5C148300BC964E /* User.m in Sources */,
				776680371A634C9200DE073B /* VKLoginViewController.m in Sources */,
				77C9AF891A6570B500DF1FCE /* SongCell.m in Sources */,
				7780102B1A62B10F00125940 /* VKMusicAPI.m in Sources */,
				77B376D31A5C117D00BC964E /* AppDelegate.m in Sources */,
				77B59AE91A6485B7000FA0E8 /* Playlist.m in Sources */,
				77B377081A5D2DA600BC964E /* PlayerViewController.m in Sources */,
				778010251A61F91E00125940 /* Song.m in Sources */,
				77B376D01A5C117D00BC964E /* main.m in Sources */,
			);
			runOnlyForDeploymentPostprocessing = 0;
		};
		77B376E21A5C117D00BC964E /* Sources */ = {
			isa = PBXSourcesBuildPhase;
			buildActionMask = 2147483647;
			files = (
				77B376ED1A5C117D00BC964E /* VK_simple_clientTests.m in Sources */,
			);
			runOnlyForDeploymentPostprocessing = 0;
		};
/* End PBXSourcesBuildPhase section */

/* Begin PBXTargetDependency section */
		77B376E81A5C117D00BC964E /* PBXTargetDependency */ = {
			isa = PBXTargetDependency;
			target = 77B376C91A5C117D00BC964E /* VK simple client */;
			targetProxy = 77B376E71A5C117D00BC964E /* PBXContainerItemProxy */;
		};
/* End PBXTargetDependency section */

/* Begin PBXVariantGroup section */
		7780100B1A6019AB00125940 /* Main.storyboard */ = {
			isa = PBXVariantGroup;
			children = (
				7780100C1A6019AB00125940 /* Base */,
			);
			name = Main.storyboard;
			sourceTree = "<group>";
		};
		77B376DF1A5C117D00BC964E /* LaunchScreen.xib */ = {
			isa = PBXVariantGroup;
			children = (
				77B376E01A5C117D00BC964E /* Base */,
			);
			name = LaunchScreen.xib;
			sourceTree = "<group>";
		};
/* End PBXVariantGroup section */

/* Begin XCBuildConfiguration section */
		77B376EE1A5C117D00BC964E /* Debug */ = {
			isa = XCBuildConfiguration;
			buildSettings = {
				ALWAYS_SEARCH_USER_PATHS = NO;
				CLANG_CXX_LANGUAGE_STANDARD = "gnu++0x";
				CLANG_CXX_LIBRARY = "libc++";
				CLANG_ENABLE_MODULES = YES;
				CLANG_ENABLE_OBJC_ARC = YES;
				CLANG_WARN_BOOL_CONVERSION = YES;
				CLANG_WARN_CONSTANT_CONVERSION = YES;
				CLANG_WARN_DIRECT_OBJC_ISA_USAGE = YES_ERROR;
				CLANG_WARN_EMPTY_BODY = YES;
				CLANG_WARN_ENUM_CONVERSION = YES;
				CLANG_WARN_INT_CONVERSION = YES;
				CLANG_WARN_OBJC_ROOT_CLASS = YES_ERROR;
				CLANG_WARN_UNREACHABLE_CODE = YES;
				CLANG_WARN__DUPLICATE_METHOD_MATCH = YES;
				"CODE_SIGN_IDENTITY[sdk=iphoneos*]" = "iPhone Developer";
				COPY_PHASE_STRIP = NO;
				ENABLE_STRICT_OBJC_MSGSEND = YES;
				GCC_C_LANGUAGE_STANDARD = gnu99;
				GCC_DYNAMIC_NO_PIC = NO;
				GCC_OPTIMIZATION_LEVEL = 0;
				GCC_PREPROCESSOR_DEFINITIONS = (
					"DEBUG=1",
					"$(inherited)",
				);
				GCC_SYMBOLS_PRIVATE_EXTERN = NO;
				GCC_WARN_64_TO_32_BIT_CONVERSION = YES;
				GCC_WARN_ABOUT_RETURN_TYPE = YES_ERROR;
				GCC_WARN_UNDECLARED_SELECTOR = YES;
				GCC_WARN_UNINITIALIZED_AUTOS = YES_AGGRESSIVE;
				GCC_WARN_UNUSED_FUNCTION = YES;
				GCC_WARN_UNUSED_VARIABLE = YES;
				IPHONEOS_DEPLOYMENT_TARGET = 8.1;
				MTL_ENABLE_DEBUG_INFO = YES;
				ONLY_ACTIVE_ARCH = YES;
				SDKROOT = iphoneos;
			};
			name = Debug;
		};
		77B376EF1A5C117D00BC964E /* Release */ = {
			isa = XCBuildConfiguration;
			buildSettings = {
				ALWAYS_SEARCH_USER_PATHS = NO;
				CLANG_CXX_LANGUAGE_STANDARD = "gnu++0x";
				CLANG_CXX_LIBRARY = "libc++";
				CLANG_ENABLE_MODULES = YES;
				CLANG_ENABLE_OBJC_ARC = YES;
				CLANG_WARN_BOOL_CONVERSION = YES;
				CLANG_WARN_CONSTANT_CONVERSION = YES;
				CLANG_WARN_DIRECT_OBJC_ISA_USAGE = YES_ERROR;
				CLANG_WARN_EMPTY_BODY = YES;
				CLANG_WARN_ENUM_CONVERSION = YES;
				CLANG_WARN_INT_CONVERSION = YES;
				CLANG_WARN_OBJC_ROOT_CLASS = YES_ERROR;
				CLANG_WARN_UNREACHABLE_CODE = YES;
				CLANG_WARN__DUPLICATE_METHOD_MATCH = YES;
				"CODE_SIGN_IDENTITY[sdk=iphoneos*]" = "iPhone Developer";
				COPY_PHASE_STRIP = YES;
				ENABLE_NS_ASSERTIONS = NO;
				ENABLE_STRICT_OBJC_MSGSEND = YES;
				GCC_C_LANGUAGE_STANDARD = gnu99;
				GCC_WARN_64_TO_32_BIT_CONVERSION = YES;
				GCC_WARN_ABOUT_RETURN_TYPE = YES_ERROR;
				GCC_WARN_UNDECLARED_SELECTOR = YES;
				GCC_WARN_UNINITIALIZED_AUTOS = YES_AGGRESSIVE;
				GCC_WARN_UNUSED_FUNCTION = YES;
				GCC_WARN_UNUSED_VARIABLE = YES;
				IPHONEOS_DEPLOYMENT_TARGET = 8.1;
				MTL_ENABLE_DEBUG_INFO = NO;
				SDKROOT = iphoneos;
				VALIDATE_PRODUCT = YES;
			};
			name = Release;
		};
		77B376F11A5C117D00BC964E /* Debug */ = {
			isa = XCBuildConfiguration;
			baseConfigurationReference = 5084D58E8F86C7C45CC0433F /* Pods-VK simple client.debug.xcconfig */;
			buildSettings = {
				ASSETCATALOG_COMPILER_APPICON_NAME = AppIcon;
				EXECUTABLE_PREFIX = "";
				INFOPLIST_FILE = "VK simple client/Info.plist";
				LD_RUNPATH_SEARCH_PATHS = "$(inherited) @executable_path/Frameworks";
				PRODUCT_NAME = "$(TARGET_NAME)";
				TARGETED_DEVICE_FAMILY = "1,2";
			};
			name = Debug;
		};
		77B376F21A5C117D00BC964E /* Release */ = {
			isa = XCBuildConfiguration;
			baseConfigurationReference = E43122B1CBBF95451584820F /* Pods-VK simple client.release.xcconfig */;
			buildSettings = {
				ASSETCATALOG_COMPILER_APPICON_NAME = AppIcon;
				EXECUTABLE_PREFIX = "";
				INFOPLIST_FILE = "VK simple client/Info.plist";
				LD_RUNPATH_SEARCH_PATHS = "$(inherited) @executable_path/Frameworks";
				PRODUCT_NAME = "$(TARGET_NAME)";
				TARGETED_DEVICE_FAMILY = "1,2";
			};
			name = Release;
		};
		77B376F41A5C117D00BC964E /* Debug */ = {
			isa = XCBuildConfiguration;
			baseConfigurationReference = 51CAF3541C8B140D7799B565 /* Pods-VK simple clientTests.debug.xcconfig */;
			buildSettings = {
				BUNDLE_LOADER = "$(TEST_HOST)";
				FRAMEWORK_SEARCH_PATHS = (
					"$(SDKROOT)/Developer/Library/Frameworks",
					"$(inherited)",
				);
				GCC_PREPROCESSOR_DEFINITIONS = (
					"DEBUG=1",
					"$(inherited)",
				);
				INFOPLIST_FILE = "VK simple clientTests/Info.plist";
				LD_RUNPATH_SEARCH_PATHS = "$(inherited) @executable_path/Frameworks @loader_path/Frameworks";
				PRODUCT_NAME = "$(TARGET_NAME)";
				TEST_HOST = "$(BUILT_PRODUCTS_DIR)/VK simple client.app/VK simple client";
			};
			name = Debug;
		};
		77B376F51A5C117D00BC964E /* Release */ = {
			isa = XCBuildConfiguration;
			baseConfigurationReference = DD23E136273EC6945DAF305B /* Pods-VK simple clientTests.release.xcconfig */;
			buildSettings = {
				BUNDLE_LOADER = "$(TEST_HOST)";
				FRAMEWORK_SEARCH_PATHS = (
					"$(SDKROOT)/Developer/Library/Frameworks",
					"$(inherited)",
				);
				INFOPLIST_FILE = "VK simple clientTests/Info.plist";
				LD_RUNPATH_SEARCH_PATHS = "$(inherited) @executable_path/Frameworks @loader_path/Frameworks";
				PRODUCT_NAME = "$(TARGET_NAME)";
				TEST_HOST = "$(BUILT_PRODUCTS_DIR)/VK simple client.app/VK simple client";
			};
			name = Release;
		};
/* End XCBuildConfiguration section */

/* Begin XCConfigurationList section */
		77B376C51A5C117D00BC964E /* Build configuration list for PBXProject "VK simple client" */ = {
			isa = XCConfigurationList;
			buildConfigurations = (
				77B376EE1A5C117D00BC964E /* Debug */,
				77B376EF1A5C117D00BC964E /* Release */,
			);
			defaultConfigurationIsVisible = 0;
			defaultConfigurationName = Release;
		};
		77B376F01A5C117D00BC964E /* Build configuration list for PBXNativeTarget "VK simple client" */ = {
			isa = XCConfigurationList;
			buildConfigurations = (
				77B376F11A5C117D00BC964E /* Debug */,
				77B376F21A5C117D00BC964E /* Release */,
			);
			defaultConfigurationIsVisible = 0;
			defaultConfigurationName = Release;
		};
		77B376F31A5C117D00BC964E /* Build configuration list for PBXNativeTarget "VK simple clientTests" */ = {
			isa = XCConfigurationList;
			buildConfigurations = (
				77B376F41A5C117D00BC964E /* Debug */,
				77B376F51A5C117D00BC964E /* Release */,
			);
			defaultConfigurationIsVisible = 0;
			defaultConfigurationName = Release;
		};
/* End XCConfigurationList section */
	};
	rootObject = 77B376C21A5C117D00BC964E /* Project object */;
}
